// !$*UTF8*$!
{
	archiveVersion = 1;
	classes = {
	};
	objectVersion = 46;
	objects = {

/* Begin PBXBuildFile section */
		0A5169AD1C87597300186D39 /* TLCheckin.swift in Sources */ = {isa = PBXBuildFile; fileRef = 0A5169AC1C87597300186D39 /* TLCheckin.swift */; };
		0A5169AF1C87B3AF00186D39 /* CheckinTableViewCell.swift in Sources */ = {isa = PBXBuildFile; fileRef = 0A5169AE1C87B3AF00186D39 /* CheckinTableViewCell.swift */; };
		0A5169B11C87BB5600186D39 /* PickActionCodeViewController.swift in Sources */ = {isa = PBXBuildFile; fileRef = 0A5169B01C87BB5600186D39 /* PickActionCodeViewController.swift */; };
		0A5169B31C889BD300186D39 /* CheckinDetailsViewController.swift in Sources */ = {isa = PBXBuildFile; fileRef = 0A5169B21C889BD300186D39 /* CheckinDetailsViewController.swift */; };
		0A5169B51C88A44400186D39 /* TLActionCode.swift in Sources */ = {isa = PBXBuildFile; fileRef = 0A5169B41C88A44400186D39 /* TLActionCode.swift */; };
		0A5169B81C8A99E100186D39 /* ColorExtensions.swift in Sources */ = {isa = PBXBuildFile; fileRef = 0A5169B71C8A99E100186D39 /* ColorExtensions.swift */; };
		0A51A3B31C72379600E83052 /* MenuViewController.swift in Sources */ = {isa = PBXBuildFile; fileRef = 0A51A3B21C72379600E83052 /* MenuViewController.swift */; };
		0A51A3B51C72560300E83052 /* TLUser.swift in Sources */ = {isa = PBXBuildFile; fileRef = 0A51A3B41C72560300E83052 /* TLUser.swift */; };
		0A51A3B71C72796400E83052 /* Default-568h@2x.png in Resources */ = {isa = PBXBuildFile; fileRef = 0A51A3B61C72796400E83052 /* Default-568h@2x.png */; };
		0A5228E41C722AF300D64847 /* SignInViewController.swift in Sources */ = {isa = PBXBuildFile; fileRef = 0A5228E31C722AF300D64847 /* SignInViewController.swift */; };
		0A5228E61C7230AF00D64847 /* SignUpViewController.swift in Sources */ = {isa = PBXBuildFile; fileRef = 0A5228E51C7230AF00D64847 /* SignUpViewController.swift */; };
		0A79B8831C7960900050AE57 /* TLEmployee.swift in Sources */ = {isa = PBXBuildFile; fileRef = 0A79B8821C7960900050AE57 /* TLEmployee.swift */; };
		0A79B8851C7AB5100050AE57 /* EmployeeTableViewCell.swift in Sources */ = {isa = PBXBuildFile; fileRef = 0A79B8841C7AB5100050AE57 /* EmployeeTableViewCell.swift */; };
		0A79B8881C7BEEDE0050AE57 /* EmployeeHomeViewController.swift in Sources */ = {isa = PBXBuildFile; fileRef = 0A79B8871C7BEEDE0050AE57 /* EmployeeHomeViewController.swift */; };
		0A9B88ED1C73A81F007AB7A1 /* EmployeesViewController.swift in Sources */ = {isa = PBXBuildFile; fileRef = 0A9B88EC1C73A81F007AB7A1 /* EmployeesViewController.swift */; };
		0A9B88EF1C73A82D007AB7A1 /* ReportsViewController.swift in Sources */ = {isa = PBXBuildFile; fileRef = 0A9B88EE1C73A82D007AB7A1 /* ReportsViewController.swift */; };
		0AA9EF1F1C741EC600B53281 /* EmployeeDetailsViewController.swift in Sources */ = {isa = PBXBuildFile; fileRef = 0AA9EF1E1C741EC600B53281 /* EmployeeDetailsViewController.swift */; };
		0AC5FAAF1C721C4700ACD363 /* AppDelegate.swift in Sources */ = {isa = PBXBuildFile; fileRef = 0AC5FAAE1C721C4700ACD363 /* AppDelegate.swift */; };
		0AC5FAB41C721C4700ACD363 /* Main.storyboard in Resources */ = {isa = PBXBuildFile; fileRef = 0AC5FAB21C721C4700ACD363 /* Main.storyboard */; };
		0AC5FAB61C721C4700ACD363 /* Assets.xcassets in Resources */ = {isa = PBXBuildFile; fileRef = 0AC5FAB51C721C4700ACD363 /* Assets.xcassets */; };
		0AC5FAB91C721C4700ACD363 /* LaunchScreen.storyboard in Resources */ = {isa = PBXBuildFile; fileRef = 0AC5FAB71C721C4700ACD363 /* LaunchScreen.storyboard */; };
		4F5D051C5133502257E025A8 /* Pods_TLog.framework in Frameworks */ = {isa = PBXBuildFile; fileRef = 4908DC965C2C90C91AE8AEA5 /* Pods_TLog.framework */; };
/* End PBXBuildFile section */

/* Begin PBXFileReference section */
		0A5169AC1C87597300186D39 /* TLCheckin.swift */ = {isa = PBXFileReference; fileEncoding = 4; lastKnownFileType = sourcecode.swift; path = TLCheckin.swift; sourceTree = "<group>"; };
		0A5169AE1C87B3AF00186D39 /* CheckinTableViewCell.swift */ = {isa = PBXFileReference; fileEncoding = 4; lastKnownFileType = sourcecode.swift; path = CheckinTableViewCell.swift; sourceTree = "<group>"; };
		0A5169B01C87BB5600186D39 /* PickActionCodeViewController.swift */ = {isa = PBXFileReference; fileEncoding = 4; lastKnownFileType = sourcecode.swift; path = PickActionCodeViewController.swift; sourceTree = "<group>"; };
		0A5169B21C889BD300186D39 /* CheckinDetailsViewController.swift */ = {isa = PBXFileReference; fileEncoding = 4; lastKnownFileType = sourcecode.swift; path = CheckinDetailsViewController.swift; sourceTree = "<group>"; };
		0A5169B41C88A44400186D39 /* TLActionCode.swift */ = {isa = PBXFileReference; fileEncoding = 4; lastKnownFileType = sourcecode.swift; path = TLActionCode.swift; sourceTree = "<group>"; };
		0A5169B71C8A99E100186D39 /* ColorExtensions.swift */ = {isa = PBXFileReference; fileEncoding = 4; lastKnownFileType = sourcecode.swift; path = ColorExtensions.swift; sourceTree = "<group>"; };
		0A51A3B21C72379600E83052 /* MenuViewController.swift */ = {isa = PBXFileReference; fileEncoding = 4; lastKnownFileType = sourcecode.swift; path = MenuViewController.swift; sourceTree = "<group>"; };
		0A51A3B41C72560300E83052 /* TLUser.swift */ = {isa = PBXFileReference; fileEncoding = 4; lastKnownFileType = sourcecode.swift; path = TLUser.swift; sourceTree = "<group>"; };
		0A51A3B61C72796400E83052 /* Default-568h@2x.png */ = {isa = PBXFileReference; lastKnownFileType = image.png; path = "Default-568h@2x.png"; sourceTree = "<group>"; };
		0A5228E01C72248C00D64847 /* TLog-Bridging-Header.h */ = {isa = PBXFileReference; lastKnownFileType = sourcecode.c.h; path = "TLog-Bridging-Header.h"; sourceTree = "<group>"; };
		0A5228E31C722AF300D64847 /* SignInViewController.swift */ = {isa = PBXFileReference; fileEncoding = 4; lastKnownFileType = sourcecode.swift; path = SignInViewController.swift; sourceTree = "<group>"; };
		0A5228E51C7230AF00D64847 /* SignUpViewController.swift */ = {isa = PBXFileReference; fileEncoding = 4; lastKnownFileType = sourcecode.swift; path = SignUpViewController.swift; sourceTree = "<group>"; };
		0A79B8821C7960900050AE57 /* TLEmployee.swift */ = {isa = PBXFileReference; fileEncoding = 4; lastKnownFileType = sourcecode.swift; path = TLEmployee.swift; sourceTree = "<group>"; };
		0A79B8841C7AB5100050AE57 /* EmployeeTableViewCell.swift */ = {isa = PBXFileReference; fileEncoding = 4; lastKnownFileType = sourcecode.swift; path = EmployeeTableViewCell.swift; sourceTree = "<group>"; };
		0A79B8871C7BEEDE0050AE57 /* EmployeeHomeViewController.swift */ = {isa = PBXFileReference; fileEncoding = 4; lastKnownFileType = sourcecode.swift; path = EmployeeHomeViewController.swift; sourceTree = "<group>"; };
		0A9B88EC1C73A81F007AB7A1 /* EmployeesViewController.swift */ = {isa = PBXFileReference; fileEncoding = 4; lastKnownFileType = sourcecode.swift; path = EmployeesViewController.swift; sourceTree = "<group>"; };
		0A9B88EE1C73A82D007AB7A1 /* ReportsViewController.swift */ = {isa = PBXFileReference; fileEncoding = 4; lastKnownFileType = sourcecode.swift; path = ReportsViewController.swift; sourceTree = "<group>"; };
		0AA9EF1E1C741EC600B53281 /* EmployeeDetailsViewController.swift */ = {isa = PBXFileReference; fileEncoding = 4; lastKnownFileType = sourcecode.swift; path = EmployeeDetailsViewController.swift; sourceTree = "<group>"; };
		0AC5FAAB1C721C4700ACD363 /* TLog.app */ = {isa = PBXFileReference; explicitFileType = wrapper.application; includeInIndex = 0; path = TLog.app; sourceTree = BUILT_PRODUCTS_DIR; };
		0AC5FAAE1C721C4700ACD363 /* AppDelegate.swift */ = {isa = PBXFileReference; lastKnownFileType = sourcecode.swift; path = AppDelegate.swift; sourceTree = "<group>"; };
		0AC5FAB31C721C4700ACD363 /* Base */ = {isa = PBXFileReference; lastKnownFileType = file.storyboard; name = Base; path = Base.lproj/Main.storyboard; sourceTree = "<group>"; };
		0AC5FAB51C721C4700ACD363 /* Assets.xcassets */ = {isa = PBXFileReference; lastKnownFileType = folder.assetcatalog; path = Assets.xcassets; sourceTree = "<group>"; };
		0AC5FAB81C721C4700ACD363 /* Base */ = {isa = PBXFileReference; lastKnownFileType = file.storyboard; name = Base; path = Base.lproj/LaunchScreen.storyboard; sourceTree = "<group>"; };
		0AC5FABA1C721C4700ACD363 /* Info.plist */ = {isa = PBXFileReference; lastKnownFileType = text.plist.xml; path = Info.plist; sourceTree = "<group>"; };
		4908DC965C2C90C91AE8AEA5 /* Pods_TLog.framework */ = {isa = PBXFileReference; explicitFileType = wrapper.framework; includeInIndex = 0; path = Pods_TLog.framework; sourceTree = BUILT_PRODUCTS_DIR; };
		856410C9BA8850E8EF169EB8 /* Pods-TLog.release.xcconfig */ = {isa = PBXFileReference; includeInIndex = 1; lastKnownFileType = text.xcconfig; name = "Pods-TLog.release.xcconfig"; path = "Pods/Target Support Files/Pods-TLog/Pods-TLog.release.xcconfig"; sourceTree = "<group>"; };
		E4D32B02234A0E449E3948AA /* Pods-TLog.debug.xcconfig */ = {isa = PBXFileReference; includeInIndex = 1; lastKnownFileType = text.xcconfig; name = "Pods-TLog.debug.xcconfig"; path = "Pods/Target Support Files/Pods-TLog/Pods-TLog.debug.xcconfig"; sourceTree = "<group>"; };
/* End PBXFileReference section */

/* Begin PBXFrameworksBuildPhase section */
		0AC5FAA81C721C4700ACD363 /* Frameworks */ = {
			isa = PBXFrameworksBuildPhase;
			buildActionMask = 2147483647;
			files = (
				4F5D051C5133502257E025A8 /* Pods_TLog.framework in Frameworks */,
			);
			runOnlyForDeploymentPostprocessing = 0;
		};
/* End PBXFrameworksBuildPhase section */

/* Begin PBXGroup section */
		0A5169B61C8A99BE00186D39 /* Extensions */ = {
			isa = PBXGroup;
			children = (
				0A5169B71C8A99E100186D39 /* ColorExtensions.swift */,
			);
			name = Extensions;
			sourceTree = "<group>";
		};
		0A5228E11C722ABA00D64847 /* Model */ = {
			isa = PBXGroup;
			children = (
				0A51A3B41C72560300E83052 /* TLUser.swift */,
				0A79B8821C7960900050AE57 /* TLEmployee.swift */,
				0A5169AC1C87597300186D39 /* TLCheckin.swift */,
				0A5169B41C88A44400186D39 /* TLActionCode.swift */,
			);
			name = Model;
			sourceTree = "<group>";
		};
		0A5228E21C722AC400D64847 /* Controller.user */ = {
			isa = PBXGroup;
			children = (
				0A5228E31C722AF300D64847 /* SignInViewController.swift */,
				0A5228E51C7230AF00D64847 /* SignUpViewController.swift */,
				0A51A3B21C72379600E83052 /* MenuViewController.swift */,
				0A9B88EC1C73A81F007AB7A1 /* EmployeesViewController.swift */,
				0A79B8841C7AB5100050AE57 /* EmployeeTableViewCell.swift */,
				0AA9EF1E1C741EC600B53281 /* EmployeeDetailsViewController.swift */,
				0A9B88EE1C73A82D007AB7A1 /* ReportsViewController.swift */,
			);
			name = Controller.user;
			sourceTree = "<group>";
		};
		0A79B8861C7BEE980050AE57 /* Controller.employee */ = {
			isa = PBXGroup;
			children = (
				0A79B8871C7BEEDE0050AE57 /* EmployeeHomeViewController.swift */,
				0A5169AE1C87B3AF00186D39 /* CheckinTableViewCell.swift */,
				0A5169B01C87BB5600186D39 /* PickActionCodeViewController.swift */,
				0A5169B21C889BD300186D39 /* CheckinDetailsViewController.swift */,
			);
			name = Controller.employee;
			sourceTree = "<group>";
		};
		0AC5FAA21C721C4700ACD363 = {
			isa = PBXGroup;
			children = (
				0A51A3B61C72796400E83052 /* Default-568h@2x.png */,
				0AC5FAAD1C721C4700ACD363 /* TLog */,
				0AC5FAAC1C721C4700ACD363 /* Products */,
				C4321B7BD19B588697CEFD2B /* Pods */,
				5D1EC68F595A1CAF5C6BD0EF /* Frameworks */,
			);
			sourceTree = "<group>";
		};
		0AC5FAAC1C721C4700ACD363 /* Products */ = {
			isa = PBXGroup;
			children = (
				0AC5FAAB1C721C4700ACD363 /* TLog.app */,
			);
			name = Products;
			sourceTree = "<group>";
		};
		0AC5FAAD1C721C4700ACD363 /* TLog */ = {
			isa = PBXGroup;
			children = (
				0AC5FAB21C721C4700ACD363 /* Main.storyboard */,
				0AC5FAAE1C721C4700ACD363 /* AppDelegate.swift */,
				0A5169B61C8A99BE00186D39 /* Extensions */,
				0A5228E21C722AC400D64847 /* Controller.user */,
				0A79B8861C7BEE980050AE57 /* Controller.employee */,
				0A5228E11C722ABA00D64847 /* Model */,
				0AC5FAB51C721C4700ACD363 /* Assets.xcassets */,
				0AC5FAB71C721C4700ACD363 /* LaunchScreen.storyboard */,
				0AC5FABA1C721C4700ACD363 /* Info.plist */,
				0A5228E01C72248C00D64847 /* TLog-Bridging-Header.h */,
			);
			path = TLog;
			sourceTree = "<group>";
		};
		5D1EC68F595A1CAF5C6BD0EF /* Frameworks */ = {
			isa = PBXGroup;
			children = (
				4908DC965C2C90C91AE8AEA5 /* Pods_TLog.framework */,
			);
			name = Frameworks;
			sourceTree = "<group>";
		};
		C4321B7BD19B588697CEFD2B /* Pods */ = {
			isa = PBXGroup;
			children = (
				E4D32B02234A0E449E3948AA /* Pods-TLog.debug.xcconfig */,
				856410C9BA8850E8EF169EB8 /* Pods-TLog.release.xcconfig */,
			);
			name = Pods;
			sourceTree = "<group>";
		};
/* End PBXGroup section */

/* Begin PBXNativeTarget section */
		0AC5FAAA1C721C4700ACD363 /* TLog */ = {
			isa = PBXNativeTarget;
			buildConfigurationList = 0AC5FABD1C721C4700ACD363 /* Build configuration list for PBXNativeTarget "TLog" */;
			buildPhases = (
				E89C33260CEBF2A4F4EEDD20 /* Check Pods Manifest.lock */,
				0AC5FAA71C721C4700ACD363 /* Sources */,
				0AC5FAA81C721C4700ACD363 /* Frameworks */,
				0AC5FAA91C721C4700ACD363 /* Resources */,
				21FFA7EC8A2B15D46305DD83 /* Embed Pods Frameworks */,
				6C47F6A52DF4A7715931564E /* Copy Pods Resources */,
			);
			buildRules = (
			);
			dependencies = (
			);
			name = TLog;
			productName = TLog;
			productReference = 0AC5FAAB1C721C4700ACD363 /* TLog.app */;
			productType = "com.apple.product-type.application";
		};
/* End PBXNativeTarget section */

/* Begin PBXProject section */
		0AC5FAA31C721C4700ACD363 /* Project object */ = {
			isa = PBXProject;
			attributes = {
				LastSwiftUpdateCheck = 0720;
				LastUpgradeCheck = 0720;
				ORGANIZATIONNAME = EchoWaves;
				TargetAttributes = {
					0AC5FAAA1C721C4700ACD363 = {
						CreatedOnToolsVersion = 7.2.1;
						DevelopmentTeam = 33P3Q88Y8K;
					};
				};
			};
			buildConfigurationList = 0AC5FAA61C721C4700ACD363 /* Build configuration list for PBXProject "TLog" */;
			compatibilityVersion = "Xcode 3.2";
			developmentRegion = English;
			hasScannedForEncodings = 0;
			knownRegions = (
				en,
				Base,
			);
			mainGroup = 0AC5FAA21C721C4700ACD363;
			productRefGroup = 0AC5FAAC1C721C4700ACD363 /* Products */;
			projectDirPath = "";
			projectRoot = "";
			targets = (
				0AC5FAAA1C721C4700ACD363 /* TLog */,
			);
		};
/* End PBXProject section */

/* Begin PBXResourcesBuildPhase section */
		0AC5FAA91C721C4700ACD363 /* Resources */ = {
			isa = PBXResourcesBuildPhase;
			buildActionMask = 2147483647;
			files = (
				0AC5FAB91C721C4700ACD363 /* LaunchScreen.storyboard in Resources */,
				0A51A3B71C72796400E83052 /* Default-568h@2x.png in Resources */,
				0AC5FAB61C721C4700ACD363 /* Assets.xcassets in Resources */,
				0AC5FAB41C721C4700ACD363 /* Main.storyboard in Resources */,
			);
			runOnlyForDeploymentPostprocessing = 0;
		};
/* End PBXResourcesBuildPhase section */

/* Begin PBXShellScriptBuildPhase section */
		21FFA7EC8A2B15D46305DD83 /* Embed Pods Frameworks */ = {
			isa = PBXShellScriptBuildPhase;
			buildActionMask = 2147483647;
			files = (
			);
			inputPaths = (
			);
			name = "Embed Pods Frameworks";
			outputPaths = (
			);
			runOnlyForDeploymentPostprocessing = 0;
			shellPath = /bin/sh;
			shellScript = "\"${SRCROOT}/Pods/Target Support Files/Pods-TLog/Pods-TLog-frameworks.sh\"\n";
			showEnvVarsInLog = 0;
		};
		6C47F6A52DF4A7715931564E /* Copy Pods Resources */ = {
			isa = PBXShellScriptBuildPhase;
			buildActionMask = 2147483647;
			files = (
			);
			inputPaths = (
			);
			name = "Copy Pods Resources";
			outputPaths = (
			);
			runOnlyForDeploymentPostprocessing = 0;
			shellPath = /bin/sh;
			shellScript = "\"${SRCROOT}/Pods/Target Support Files/Pods-TLog/Pods-TLog-resources.sh\"\n";
			showEnvVarsInLog = 0;
		};
		E89C33260CEBF2A4F4EEDD20 /* Check Pods Manifest.lock */ = {
			isa = PBXShellScriptBuildPhase;
			buildActionMask = 2147483647;
			files = (
			);
			inputPaths = (
			);
			name = "Check Pods Manifest.lock";
			outputPaths = (
			);
			runOnlyForDeploymentPostprocessing = 0;
			shellPath = /bin/sh;
			shellScript = "diff \"${PODS_ROOT}/../Podfile.lock\" \"${PODS_ROOT}/Manifest.lock\" > /dev/null\nif [[ $? != 0 ]] ; then\n    cat << EOM\nerror: The sandbox is not in sync with the Podfile.lock. Run 'pod install' or update your CocoaPods installation.\nEOM\n    exit 1\nfi\n";
			showEnvVarsInLog = 0;
		};
/* End PBXShellScriptBuildPhase section */

/* Begin PBXSourcesBuildPhase section */
		0AC5FAA71C721C4700ACD363 /* Sources */ = {
			isa = PBXSourcesBuildPhase;
			buildActionMask = 2147483647;
			files = (
				0A5169B11C87BB5600186D39 /* PickActionCodeViewController.swift in Sources */,
				0A79B8851C7AB5100050AE57 /* EmployeeTableViewCell.swift in Sources */,
				0A5169AF1C87B3AF00186D39 /* CheckinTableViewCell.swift in Sources */,
				0A79B8881C7BEEDE0050AE57 /* EmployeeHomeViewController.swift in Sources */,
				0A5169B31C889BD300186D39 /* CheckinDetailsViewController.swift in Sources */,
				0A79B8831C7960900050AE57 /* TLEmployee.swift in Sources */,
				0A5169B51C88A44400186D39 /* TLActionCode.swift in Sources */,
				0A51A3B31C72379600E83052 /* MenuViewController.swift in Sources */,
				0AC5FAAF1C721C4700ACD363 /* AppDelegate.swift in Sources */,
				0A5228E61C7230AF00D64847 /* SignUpViewController.swift in Sources */,
				0A9B88EF1C73A82D007AB7A1 /* ReportsViewController.swift in Sources */,
				0A5169AD1C87597300186D39 /* TLCheckin.swift in Sources */,
				0A9B88ED1C73A81F007AB7A1 /* EmployeesViewController.swift in Sources */,
				0A51A3B51C72560300E83052 /* TLUser.swift in Sources */,
				0A5228E41C722AF300D64847 /* SignInViewController.swift in Sources */,
				0AA9EF1F1C741EC600B53281 /* EmployeeDetailsViewController.swift in Sources */,
				0A5169B81C8A99E100186D39 /* ColorExtensions.swift in Sources */,
			);
			runOnlyForDeploymentPostprocessing = 0;
		};
/* End PBXSourcesBuildPhase section */

/* Begin PBXVariantGroup section */
		0AC5FAB21C721C4700ACD363 /* Main.storyboard */ = {
			isa = PBXVariantGroup;
			children = (
				0AC5FAB31C721C4700ACD363 /* Base */,
			);
			name = Main.storyboard;
			sourceTree = "<group>";
		};
		0AC5FAB71C721C4700ACD363 /* LaunchScreen.storyboard */ = {
			isa = PBXVariantGroup;
			children = (
				0AC5FAB81C721C4700ACD363 /* Base */,
			);
			name = LaunchScreen.storyboard;
			sourceTree = "<group>";
		};
/* End PBXVariantGroup section */

/* Begin XCBuildConfiguration section */
		0AC5FABB1C721C4700ACD363 /* Debug */ = {
			isa = XCBuildConfiguration;
			buildSettings = {
				ALWAYS_SEARCH_USER_PATHS = NO;
				CLANG_CXX_LANGUAGE_STANDARD = "gnu++0x";
				CLANG_CXX_LIBRARY = "libc++";
				CLANG_ENABLE_MODULES = YES;
				CLANG_ENABLE_OBJC_ARC = YES;
				CLANG_WARN_BOOL_CONVERSION = YES;
				CLANG_WARN_CONSTANT_CONVERSION = YES;
				CLANG_WARN_DIRECT_OBJC_ISA_USAGE = YES_ERROR;
				CLANG_WARN_EMPTY_BODY = YES;
				CLANG_WARN_ENUM_CONVERSION = YES;
				CLANG_WARN_INT_CONVERSION = YES;
				CLANG_WARN_OBJC_ROOT_CLASS = YES_ERROR;
				CLANG_WARN_UNREACHABLE_CODE = YES;
				CLANG_WARN__DUPLICATE_METHOD_MATCH = YES;
				"CODE_SIGN_IDENTITY[sdk=iphoneos*]" = "iPhone Developer";
				COPY_PHASE_STRIP = NO;
				DEBUG_INFORMATION_FORMAT = dwarf;
				ENABLE_STRICT_OBJC_MSGSEND = YES;
				ENABLE_TESTABILITY = YES;
				GCC_C_LANGUAGE_STANDARD = gnu99;
				GCC_DYNAMIC_NO_PIC = NO;
				GCC_NO_COMMON_BLOCKS = YES;
				GCC_OPTIMIZATION_LEVEL = 0;
				GCC_PREPROCESSOR_DEFINITIONS = (
					"DEBUG=1",
					"$(inherited)",
				);
				GCC_WARN_64_TO_32_BIT_CONVERSION = YES;
				GCC_WARN_ABOUT_RETURN_TYPE = YES_ERROR;
				GCC_WARN_UNDECLARED_SELECTOR = YES;
				GCC_WARN_UNINITIALIZED_AUTOS = YES_AGGRESSIVE;
				GCC_WARN_UNUSED_FUNCTION = YES;
				GCC_WARN_UNUSED_VARIABLE = YES;
				IPHONEOS_DEPLOYMENT_TARGET = 9.2;
				MTL_ENABLE_DEBUG_INFO = YES;
				ONLY_ACTIVE_ARCH = YES;
				SDKROOT = iphoneos;
				SWIFT_OPTIMIZATION_LEVEL = "-Onone";
			};
			name = Debug;
		};
		0AC5FABC1C721C4700ACD363 /* Release */ = {
			isa = XCBuildConfiguration;
			buildSettings = {
				ALWAYS_SEARCH_USER_PATHS = NO;
				CLANG_CXX_LANGUAGE_STANDARD = "gnu++0x";
				CLANG_CXX_LIBRARY = "libc++";
				CLANG_ENABLE_MODULES = YES;
				CLANG_ENABLE_OBJC_ARC = YES;
				CLANG_WARN_BOOL_CONVERSION = YES;
				CLANG_WARN_CONSTANT_CONVERSION = YES;
				CLANG_WARN_DIRECT_OBJC_ISA_USAGE = YES_ERROR;
				CLANG_WARN_EMPTY_BODY = YES;
				CLANG_WARN_ENUM_CONVERSION = YES;
				CLANG_WARN_INT_CONVERSION = YES;
				CLANG_WARN_OBJC_ROOT_CLASS = YES_ERROR;
				CLANG_WARN_UNREACHABLE_CODE = YES;
				CLANG_WARN__DUPLICATE_METHOD_MATCH = YES;
				"CODE_SIGN_IDENTITY[sdk=iphoneos*]" = "iPhone Developer";
				COPY_PHASE_STRIP = NO;
				DEBUG_INFORMATION_FORMAT = "dwarf-with-dsym";
				ENABLE_NS_ASSERTIONS = NO;
				ENABLE_STRICT_OBJC_MSGSEND = YES;
				GCC_C_LANGUAGE_STANDARD = gnu99;
				GCC_NO_COMMON_BLOCKS = YES;
				GCC_WARN_64_TO_32_BIT_CONVERSION = YES;
				GCC_WARN_ABOUT_RETURN_TYPE = YES_ERROR;
				GCC_WARN_UNDECLARED_SELECTOR = YES;
				GCC_WARN_UNINITIALIZED_AUTOS = YES_AGGRESSIVE;
				GCC_WARN_UNUSED_FUNCTION = YES;
				GCC_WARN_UNUSED_VARIABLE = YES;
				IPHONEOS_DEPLOYMENT_TARGET = 9.2;
				MTL_ENABLE_DEBUG_INFO = NO;
				SDKROOT = iphoneos;
				VALIDATE_PRODUCT = YES;
			};
			name = Release;
		};
		0AC5FABE1C721C4700ACD363 /* Debug */ = {
			isa = XCBuildConfiguration;
			baseConfigurationReference = E4D32B02234A0E449E3948AA /* Pods-TLog.debug.xcconfig */;
			buildSettings = {
				ASSETCATALOG_COMPILER_APPICON_NAME = AppIcon;
				CODE_SIGN_IDENTITY = "iPhone Developer";
				"CODE_SIGN_IDENTITY[sdk=iphoneos*]" = "iPhone Developer";
				INFOPLIST_FILE = TLog/Info.plist;
				IPHONEOS_DEPLOYMENT_TARGET = 8.1;
				LD_RUNPATH_SEARCH_PATHS = "$(inherited) @executable_path/Frameworks";
				PRODUCT_BUNDLE_IDENTIFIER = com.echowaves.TLog;
				PRODUCT_NAME = "$(TARGET_NAME)";
				PROVISIONING_PROFILE = "";
				SWIFT_OBJC_BRIDGING_HEADER = "TLog/TLog-Bridging-Header.h";
			};
			name = Debug;
		};
		0AC5FABF1C721C4700ACD363 /* Release */ = {
			isa = XCBuildConfiguration;
			baseConfigurationReference = 856410C9BA8850E8EF169EB8 /* Pods-TLog.release.xcconfig */;
			buildSettings = {
				ASSETCATALOG_COMPILER_APPICON_NAME = AppIcon;
				CODE_SIGN_IDENTITY = "iPhone Developer";
				"CODE_SIGN_IDENTITY[sdk=iphoneos*]" = "iPhone Developer";
				INFOPLIST_FILE = TLog/Info.plist;
				IPHONEOS_DEPLOYMENT_TARGET = 8.1;
				LD_RUNPATH_SEARCH_PATHS = "$(inherited) @executable_path/Frameworks";
				PRODUCT_BUNDLE_IDENTIFIER = com.echowaves.TLog;
				PRODUCT_NAME = "$(TARGET_NAME)";
				PROVISIONING_PROFILE = "";
				SWIFT_OBJC_BRIDGING_HEADER = "TLog/TLog-Bridging-Header.h";
			};
			name = Release;
		};
/* End XCBuildConfiguration section */

/* Begin XCConfigurationList section */
		0AC5FAA61C721C4700ACD363 /* Build configuration list for PBXProject "TLog" */ = {
			isa = XCConfigurationList;
			buildConfigurations = (
				0AC5FABB1C721C4700ACD363 /* Debug */,
				0AC5FABC1C721C4700ACD363 /* Release */,
			);
			defaultConfigurationIsVisible = 0;
			defaultConfigurationName = Release;
		};
		0AC5FABD1C721C4700ACD363 /* Build configuration list for PBXNativeTarget "TLog" */ = {
			isa = XCConfigurationList;
			buildConfigurations = (
				0AC5FABE1C721C4700ACD363 /* Debug */,
				0AC5FABF1C721C4700ACD363 /* Release */,
			);
			defaultConfigurationIsVisible = 0;
			defaultConfigurationName = Release;
		};
/* End XCConfigurationList section */
	};
	rootObject = 0AC5FAA31C721C4700ACD363 /* Project object */;
}
